// !$*UTF8*$!
{
	archiveVersion = 1;
	classes = {
	};
	objectVersion = 48;
	objects = {

/* Begin PBXBuildFile section */
		053D694C0D5575CB4917A4B5 /* Pods_TatayabaUITests.framework in Frameworks */ = {isa = PBXBuildFile; fileRef = 2B0B35C2BAB55741F0F9E250 /* Pods_TatayabaUITests.framework */; };
		11F52FB722CA7D92000F0D85 /* SplashViewController.swift in Sources */ = {isa = PBXBuildFile; fileRef = 11F52FAA22CA7D92000F0D85 /* SplashViewController.swift */; };
		11F52FB822CA7D92000F0D85 /* User.storyboard in Resources */ = {isa = PBXBuildFile; fileRef = 11F52FAC22CA7D92000F0D85 /* User.storyboard */; };
		11F52FB922CA7D92000F0D85 /* SignUpViewcontroller.swift in Sources */ = {isa = PBXBuildFile; fileRef = 11F52FB122CA7D92000F0D85 /* SignUpViewcontroller.swift */; };
		11F52FBA22CA7D92000F0D85 /* LoginViewController.swift in Sources */ = {isa = PBXBuildFile; fileRef = 11F52FB622CA7D92000F0D85 /* LoginViewController.swift */; };
		5AB89CC597A882EAAB8E1262 /* Pods_Tatayaba.framework in Frameworks */ = {isa = PBXBuildFile; fileRef = A8251C3E16050691EBDFB247 /* Pods_Tatayaba.framework */; };
		847CDE4122C9EE2300E67C8C /* AppDelegate.swift in Sources */ = {isa = PBXBuildFile; fileRef = 847CDE4022C9EE2300E67C8C /* AppDelegate.swift */; };
		847CDE4622C9EE2300E67C8C /* Main.storyboard in Resources */ = {isa = PBXBuildFile; fileRef = 847CDE4422C9EE2300E67C8C /* Main.storyboard */; };
		847CDE4922C9EE2300E67C8C /* Tatayaba.xcdatamodeld in Sources */ = {isa = PBXBuildFile; fileRef = 847CDE4722C9EE2300E67C8C /* Tatayaba.xcdatamodeld */; };
		847CDE4B22C9EE2300E67C8C /* Assets.xcassets in Resources */ = {isa = PBXBuildFile; fileRef = 847CDE4A22C9EE2300E67C8C /* Assets.xcassets */; };
		847CDE4E22C9EE2300E67C8C /* LaunchScreen.storyboard in Resources */ = {isa = PBXBuildFile; fileRef = 847CDE4C22C9EE2300E67C8C /* LaunchScreen.storyboard */; };
		847CDE5922C9EE2300E67C8C /* TatayabaTests.swift in Sources */ = {isa = PBXBuildFile; fileRef = 847CDE5822C9EE2300E67C8C /* TatayabaTests.swift */; };
		847CDE6422C9EE2300E67C8C /* TatayabaUITests.swift in Sources */ = {isa = PBXBuildFile; fileRef = 847CDE6322C9EE2300E67C8C /* TatayabaUITests.swift */; };
		847CDE7A22CA130F00E67C8C /* ColorDef.swift in Sources */ = {isa = PBXBuildFile; fileRef = 847CDE7922CA130F00E67C8C /* ColorDef.swift */; };
		847CDE8422CA19EE00E67C8C /* ProximaNova-Regular.ttf in Resources */ = {isa = PBXBuildFile; fileRef = 847CDE7D22CA19EC00E67C8C /* ProximaNova-Regular.ttf */; };
		847CDE8522CA19EE00E67C8C /* ProximaNova-Extrabld.ttf in Resources */ = {isa = PBXBuildFile; fileRef = 847CDE7E22CA19EC00E67C8C /* ProximaNova-Extrabld.ttf */; };
		847CDE8622CA19EE00E67C8C /* ProximaNova-Light.ttf in Resources */ = {isa = PBXBuildFile; fileRef = 847CDE7F22CA19ED00E67C8C /* ProximaNova-Light.ttf */; };
		847CDE8722CA19EE00E67C8C /* ProximaNova-Semibold.ttf in Resources */ = {isa = PBXBuildFile; fileRef = 847CDE8022CA19ED00E67C8C /* ProximaNova-Semibold.ttf */; };
		847CDE8822CA19EE00E67C8C /* ProximaNova-Black.ttf in Resources */ = {isa = PBXBuildFile; fileRef = 847CDE8122CA19ED00E67C8C /* ProximaNova-Black.ttf */; };
		847CDE8922CA19EE00E67C8C /* ProximaNovaT-Thin.ttf in Resources */ = {isa = PBXBuildFile; fileRef = 847CDE8222CA19EE00E67C8C /* ProximaNovaT-Thin.ttf */; };
		847CDE8A22CA19EE00E67C8C /* ProximaNova-Bold.ttf in Resources */ = {isa = PBXBuildFile; fileRef = 847CDE8322CA19EE00E67C8C /* ProximaNova-Bold.ttf */; };
		9F7E463258DFBE1064395C51 /* Pods_TatayabaTests.framework in Frameworks */ = {isa = PBXBuildFile; fileRef = 02806547E03BD25116F399BC /* Pods_TatayabaTests.framework */; };
/* End PBXBuildFile section */

/* Begin PBXContainerItemProxy section */
		847CDE5522C9EE2300E67C8C /* PBXContainerItemProxy */ = {
			isa = PBXContainerItemProxy;
			containerPortal = 847CDE3522C9EE2300E67C8C /* Project object */;
			proxyType = 1;
			remoteGlobalIDString = 847CDE3C22C9EE2300E67C8C;
			remoteInfo = Tatayaba;
		};
		847CDE6022C9EE2300E67C8C /* PBXContainerItemProxy */ = {
			isa = PBXContainerItemProxy;
			containerPortal = 847CDE3522C9EE2300E67C8C /* Project object */;
			proxyType = 1;
			remoteGlobalIDString = 847CDE3C22C9EE2300E67C8C;
			remoteInfo = Tatayaba;
		};
/* End PBXContainerItemProxy section */

/* Begin PBXFileReference section */
		02806547E03BD25116F399BC /* Pods_TatayabaTests.framework */ = {isa = PBXFileReference; explicitFileType = wrapper.framework; includeInIndex = 0; path = Pods_TatayabaTests.framework; sourceTree = BUILT_PRODUCTS_DIR; };
		04B399FC35D3B3B996D93EC1 /* Pods-TatayabaUITests.release.xcconfig */ = {isa = PBXFileReference; includeInIndex = 1; lastKnownFileType = text.xcconfig; name = "Pods-TatayabaUITests.release.xcconfig"; path = "Target Support Files/Pods-TatayabaUITests/Pods-TatayabaUITests.release.xcconfig"; sourceTree = "<group>"; };
		11F52FAA22CA7D92000F0D85 /* SplashViewController.swift */ = {isa = PBXFileReference; fileEncoding = 4; lastKnownFileType = sourcecode.swift; path = SplashViewController.swift; sourceTree = "<group>"; };
		11F52FAC22CA7D92000F0D85 /* User.storyboard */ = {isa = PBXFileReference; fileEncoding = 4; lastKnownFileType = file.storyboard; path = User.storyboard; sourceTree = "<group>"; };
		11F52FB122CA7D92000F0D85 /* SignUpViewcontroller.swift */ = {isa = PBXFileReference; fileEncoding = 4; lastKnownFileType = sourcecode.swift; path = SignUpViewcontroller.swift; sourceTree = "<group>"; };
		11F52FB622CA7D92000F0D85 /* LoginViewController.swift */ = {isa = PBXFileReference; fileEncoding = 4; lastKnownFileType = sourcecode.swift; path = LoginViewController.swift; sourceTree = "<group>"; };
		20779A04B1BCECF103C599EE /* Pods-Tatayaba.release.xcconfig */ = {isa = PBXFileReference; includeInIndex = 1; lastKnownFileType = text.xcconfig; name = "Pods-Tatayaba.release.xcconfig"; path = "Target Support Files/Pods-Tatayaba/Pods-Tatayaba.release.xcconfig"; sourceTree = "<group>"; };
		22CC9CEE04574A387EDF22EE /* Pods-TatayabaTests.release.xcconfig */ = {isa = PBXFileReference; includeInIndex = 1; lastKnownFileType = text.xcconfig; name = "Pods-TatayabaTests.release.xcconfig"; path = "Target Support Files/Pods-TatayabaTests/Pods-TatayabaTests.release.xcconfig"; sourceTree = "<group>"; };
		2B0B35C2BAB55741F0F9E250 /* Pods_TatayabaUITests.framework */ = {isa = PBXFileReference; explicitFileType = wrapper.framework; includeInIndex = 0; path = Pods_TatayabaUITests.framework; sourceTree = BUILT_PRODUCTS_DIR; };
		3521A060629ED90EC6114BA5 /* Pods-TatayabaTests.debug.xcconfig */ = {isa = PBXFileReference; includeInIndex = 1; lastKnownFileType = text.xcconfig; name = "Pods-TatayabaTests.debug.xcconfig"; path = "Target Support Files/Pods-TatayabaTests/Pods-TatayabaTests.debug.xcconfig"; sourceTree = "<group>"; };
		847CDE3D22C9EE2300E67C8C /* Tatayaba.app */ = {isa = PBXFileReference; explicitFileType = wrapper.application; includeInIndex = 0; path = Tatayaba.app; sourceTree = BUILT_PRODUCTS_DIR; };
		847CDE4022C9EE2300E67C8C /* AppDelegate.swift */ = {isa = PBXFileReference; lastKnownFileType = sourcecode.swift; path = AppDelegate.swift; sourceTree = "<group>"; };
		847CDE4522C9EE2300E67C8C /* Base */ = {isa = PBXFileReference; lastKnownFileType = file.storyboard; name = Base; path = Base.lproj/Main.storyboard; sourceTree = "<group>"; };
		847CDE4822C9EE2300E67C8C /* Tatayaba.xcdatamodel */ = {isa = PBXFileReference; lastKnownFileType = wrapper.xcdatamodel; path = Tatayaba.xcdatamodel; sourceTree = "<group>"; };
		847CDE4A22C9EE2300E67C8C /* Assets.xcassets */ = {isa = PBXFileReference; lastKnownFileType = folder.assetcatalog; path = Assets.xcassets; sourceTree = "<group>"; };
		847CDE4D22C9EE2300E67C8C /* Base */ = {isa = PBXFileReference; lastKnownFileType = file.storyboard; name = Base; path = Base.lproj/LaunchScreen.storyboard; sourceTree = "<group>"; };
		847CDE4F22C9EE2300E67C8C /* Info.plist */ = {isa = PBXFileReference; lastKnownFileType = text.plist.xml; path = Info.plist; sourceTree = "<group>"; };
		847CDE5422C9EE2300E67C8C /* TatayabaTests.xctest */ = {isa = PBXFileReference; explicitFileType = wrapper.cfbundle; includeInIndex = 0; path = TatayabaTests.xctest; sourceTree = BUILT_PRODUCTS_DIR; };
		847CDE5822C9EE2300E67C8C /* TatayabaTests.swift */ = {isa = PBXFileReference; lastKnownFileType = sourcecode.swift; path = TatayabaTests.swift; sourceTree = "<group>"; };
		847CDE5A22C9EE2300E67C8C /* Info.plist */ = {isa = PBXFileReference; lastKnownFileType = text.plist.xml; path = Info.plist; sourceTree = "<group>"; };
		847CDE5F22C9EE2300E67C8C /* TatayabaUITests.xctest */ = {isa = PBXFileReference; explicitFileType = wrapper.cfbundle; includeInIndex = 0; path = TatayabaUITests.xctest; sourceTree = BUILT_PRODUCTS_DIR; };
		847CDE6322C9EE2300E67C8C /* TatayabaUITests.swift */ = {isa = PBXFileReference; lastKnownFileType = sourcecode.swift; path = TatayabaUITests.swift; sourceTree = "<group>"; };
		847CDE6522C9EE2300E67C8C /* Info.plist */ = {isa = PBXFileReference; lastKnownFileType = text.plist.xml; path = Info.plist; sourceTree = "<group>"; };
		847CDE7922CA130F00E67C8C /* ColorDef.swift */ = {isa = PBXFileReference; fileEncoding = 4; lastKnownFileType = sourcecode.swift; path = ColorDef.swift; sourceTree = "<group>"; };
		847CDE7D22CA19EC00E67C8C /* ProximaNova-Regular.ttf */ = {isa = PBXFileReference; lastKnownFileType = file; path = "ProximaNova-Regular.ttf"; sourceTree = "<group>"; };
		847CDE7E22CA19EC00E67C8C /* ProximaNova-Extrabld.ttf */ = {isa = PBXFileReference; lastKnownFileType = file; path = "ProximaNova-Extrabld.ttf"; sourceTree = "<group>"; };
		847CDE7F22CA19ED00E67C8C /* ProximaNova-Light.ttf */ = {isa = PBXFileReference; lastKnownFileType = file; path = "ProximaNova-Light.ttf"; sourceTree = "<group>"; };
		847CDE8022CA19ED00E67C8C /* ProximaNova-Semibold.ttf */ = {isa = PBXFileReference; lastKnownFileType = file; path = "ProximaNova-Semibold.ttf"; sourceTree = "<group>"; };
		847CDE8122CA19ED00E67C8C /* ProximaNova-Black.ttf */ = {isa = PBXFileReference; lastKnownFileType = file; path = "ProximaNova-Black.ttf"; sourceTree = "<group>"; };
		847CDE8222CA19EE00E67C8C /* ProximaNovaT-Thin.ttf */ = {isa = PBXFileReference; lastKnownFileType = file; path = "ProximaNovaT-Thin.ttf"; sourceTree = "<group>"; };
		847CDE8322CA19EE00E67C8C /* ProximaNova-Bold.ttf */ = {isa = PBXFileReference; lastKnownFileType = file; path = "ProximaNova-Bold.ttf"; sourceTree = "<group>"; };
		A8251C3E16050691EBDFB247 /* Pods_Tatayaba.framework */ = {isa = PBXFileReference; explicitFileType = wrapper.framework; includeInIndex = 0; path = Pods_Tatayaba.framework; sourceTree = BUILT_PRODUCTS_DIR; };
		B55E5C982ED14B5FEE4DCD1D /* Pods-TatayabaUITests.debug.xcconfig */ = {isa = PBXFileReference; includeInIndex = 1; lastKnownFileType = text.xcconfig; name = "Pods-TatayabaUITests.debug.xcconfig"; path = "Target Support Files/Pods-TatayabaUITests/Pods-TatayabaUITests.debug.xcconfig"; sourceTree = "<group>"; };
		E0F8BF293BFC39D47FD4C2EB /* Pods-Tatayaba.debug.xcconfig */ = {isa = PBXFileReference; includeInIndex = 1; lastKnownFileType = text.xcconfig; name = "Pods-Tatayaba.debug.xcconfig"; path = "Target Support Files/Pods-Tatayaba/Pods-Tatayaba.debug.xcconfig"; sourceTree = "<group>"; };
/* End PBXFileReference section */

/* Begin PBXFrameworksBuildPhase section */
		847CDE3A22C9EE2300E67C8C /* Frameworks */ = {
			isa = PBXFrameworksBuildPhase;
			buildActionMask = 2147483647;
			files = (
				5AB89CC597A882EAAB8E1262 /* Pods_Tatayaba.framework in Frameworks */,
			);
			runOnlyForDeploymentPostprocessing = 0;
		};
		847CDE5122C9EE2300E67C8C /* Frameworks */ = {
			isa = PBXFrameworksBuildPhase;
			buildActionMask = 2147483647;
			files = (
				9F7E463258DFBE1064395C51 /* Pods_TatayabaTests.framework in Frameworks */,
			);
			runOnlyForDeploymentPostprocessing = 0;
		};
		847CDE5C22C9EE2300E67C8C /* Frameworks */ = {
			isa = PBXFrameworksBuildPhase;
			buildActionMask = 2147483647;
			files = (
				053D694C0D5575CB4917A4B5 /* Pods_TatayabaUITests.framework in Frameworks */,
			);
			runOnlyForDeploymentPostprocessing = 0;
		};
/* End PBXFrameworksBuildPhase section */

/* Begin PBXGroup section */
		11F52FA522CA7D92000F0D85 /* Modules */ = {
			isa = PBXGroup;
			children = (
				11F52FA622CA7D92000F0D85 /* Splash */,
				11F52FAB22CA7D92000F0D85 /* User */,
			);
			path = Modules;
			sourceTree = "<group>";
		};
		11F52FA622CA7D92000F0D85 /* Splash */ = {
			isa = PBXGroup;
			children = (
				11F52FA722CA7D92000F0D85 /* ViewModels */,
				11F52FA822CA7D92000F0D85 /* Models */,
				11F52FA922CA7D92000F0D85 /* Views */,
			);
			path = Splash;
			sourceTree = "<group>";
		};
		11F52FA722CA7D92000F0D85 /* ViewModels */ = {
			isa = PBXGroup;
			children = (
			);
			path = ViewModels;
			sourceTree = "<group>";
		};
		11F52FA822CA7D92000F0D85 /* Models */ = {
			isa = PBXGroup;
			children = (
			);
			path = Models;
			sourceTree = "<group>";
		};
		11F52FA922CA7D92000F0D85 /* Views */ = {
			isa = PBXGroup;
			children = (
				11F52FAA22CA7D92000F0D85 /* SplashViewController.swift */,
			);
			path = Views;
			sourceTree = "<group>";
		};
		11F52FAB22CA7D92000F0D85 /* User */ = {
			isa = PBXGroup;
			children = (
				11F52FAD22CA7D92000F0D85 /* SignUp */,
				11F52FB222CA7D92000F0D85 /* Login */,
			);
			path = User;
			sourceTree = "<group>";
		};
		11F52FAD22CA7D92000F0D85 /* SignUp */ = {
			isa = PBXGroup;
			children = (
				11F52FAC22CA7D92000F0D85 /* User.storyboard */,
				11F52FAE22CA7D92000F0D85 /* ViewModels */,
				11F52FAF22CA7D92000F0D85 /* Models */,
				11F52FB022CA7D92000F0D85 /* Views */,
			);
			path = SignUp;
			sourceTree = "<group>";
		};
		11F52FAE22CA7D92000F0D85 /* ViewModels */ = {
			isa = PBXGroup;
			children = (
			);
			path = ViewModels;
			sourceTree = "<group>";
		};
		11F52FAF22CA7D92000F0D85 /* Models */ = {
			isa = PBXGroup;
			children = (
			);
			path = Models;
			sourceTree = "<group>";
		};
		11F52FB022CA7D92000F0D85 /* Views */ = {
			isa = PBXGroup;
			children = (
				11F52FB122CA7D92000F0D85 /* SignUpViewcontroller.swift */,
			);
			path = Views;
			sourceTree = "<group>";
		};
		11F52FB222CA7D92000F0D85 /* Login */ = {
			isa = PBXGroup;
			children = (
				11F52FB322CA7D92000F0D85 /* ViewModels */,
				11F52FB422CA7D92000F0D85 /* Models */,
				11F52FB522CA7D92000F0D85 /* Views */,
			);
			path = Login;
			sourceTree = "<group>";
		};
		11F52FB322CA7D92000F0D85 /* ViewModels */ = {
			isa = PBXGroup;
			children = (
			);
			path = ViewModels;
			sourceTree = "<group>";
		};
		11F52FB422CA7D92000F0D85 /* Models */ = {
			isa = PBXGroup;
			children = (
			);
			path = Models;
			sourceTree = "<group>";
		};
		11F52FB522CA7D92000F0D85 /* Views */ = {
			isa = PBXGroup;
			children = (
				11F52FB622CA7D92000F0D85 /* LoginViewController.swift */,
			);
			path = Views;
			sourceTree = "<group>";
		};
		847CDE3422C9EE2300E67C8C = {
			isa = PBXGroup;
			children = (
				847CDE3F22C9EE2300E67C8C /* Tatayaba */,
				847CDE5722C9EE2300E67C8C /* TatayabaTests */,
				847CDE6222C9EE2300E67C8C /* TatayabaUITests */,
				847CDE3E22C9EE2300E67C8C /* Products */,
				A8C318DE6A75DA5A76A75E39 /* Pods */,
				9CDE61A50DEA5CDA03008907 /* Frameworks */,
			);
			sourceTree = "<group>";
		};
		847CDE3E22C9EE2300E67C8C /* Products */ = {
			isa = PBXGroup;
			children = (
				847CDE3D22C9EE2300E67C8C /* Tatayaba.app */,
				847CDE5422C9EE2300E67C8C /* TatayabaTests.xctest */,
				847CDE5F22C9EE2300E67C8C /* TatayabaUITests.xctest */,
			);
			name = Products;
			sourceTree = "<group>";
		};
		847CDE3F22C9EE2300E67C8C /* Tatayaba */ = {
			isa = PBXGroup;
			children = (
				11F52FA522CA7D92000F0D85 /* Modules */,
				847CDE7822CA12EC00E67C8C /* Utilities */,
				847CDE4022C9EE2300E67C8C /* AppDelegate.swift */,
				847CDE4422C9EE2300E67C8C /* Main.storyboard */,
				847CDE4A22C9EE2300E67C8C /* Assets.xcassets */,
				847CDE4C22C9EE2300E67C8C /* LaunchScreen.storyboard */,
				847CDE4F22C9EE2300E67C8C /* Info.plist */,
				847CDE4722C9EE2300E67C8C /* Tatayaba.xcdatamodeld */,
			);
			path = Tatayaba;
			sourceTree = "<group>";
		};
		847CDE5722C9EE2300E67C8C /* TatayabaTests */ = {
			isa = PBXGroup;
			children = (
				847CDE5822C9EE2300E67C8C /* TatayabaTests.swift */,
				847CDE5A22C9EE2300E67C8C /* Info.plist */,
			);
			path = TatayabaTests;
			sourceTree = "<group>";
		};
		847CDE6222C9EE2300E67C8C /* TatayabaUITests */ = {
			isa = PBXGroup;
			children = (
				847CDE6322C9EE2300E67C8C /* TatayabaUITests.swift */,
				847CDE6522C9EE2300E67C8C /* Info.plist */,
			);
			path = TatayabaUITests;
			sourceTree = "<group>";
		};
		847CDE7822CA12EC00E67C8C /* Utilities */ = {
			isa = PBXGroup;
			children = (
				847CDE7C22CA19CF00E67C8C /* Font */,
				847CDE7B22CA192300E67C8C /* Color Codes */,
			);
			path = Utilities;
			sourceTree = "<group>";
		};
		847CDE7B22CA192300E67C8C /* Color Codes */ = {
			isa = PBXGroup;
			children = (
				847CDE7922CA130F00E67C8C /* ColorDef.swift */,
			);
			path = "Color Codes";
			sourceTree = "<group>";
		};
		847CDE7C22CA19CF00E67C8C /* Font */ = {
			isa = PBXGroup;
			children = (
				847CDE8122CA19ED00E67C8C /* ProximaNova-Black.ttf */,
				847CDE8322CA19EE00E67C8C /* ProximaNova-Bold.ttf */,
				847CDE7E22CA19EC00E67C8C /* ProximaNova-Extrabld.ttf */,
				847CDE7F22CA19ED00E67C8C /* ProximaNova-Light.ttf */,
				847CDE7D22CA19EC00E67C8C /* ProximaNova-Regular.ttf */,
				847CDE8022CA19ED00E67C8C /* ProximaNova-Semibold.ttf */,
				847CDE8222CA19EE00E67C8C /* ProximaNovaT-Thin.ttf */,
			);
			path = Font;
			sourceTree = "<group>";
		};
		9CDE61A50DEA5CDA03008907 /* Frameworks */ = {
			isa = PBXGroup;
			children = (
				A8251C3E16050691EBDFB247 /* Pods_Tatayaba.framework */,
				02806547E03BD25116F399BC /* Pods_TatayabaTests.framework */,
				2B0B35C2BAB55741F0F9E250 /* Pods_TatayabaUITests.framework */,
			);
			name = Frameworks;
			sourceTree = "<group>";
		};
		A8C318DE6A75DA5A76A75E39 /* Pods */ = {
			isa = PBXGroup;
			children = (
				E0F8BF293BFC39D47FD4C2EB /* Pods-Tatayaba.debug.xcconfig */,
				20779A04B1BCECF103C599EE /* Pods-Tatayaba.release.xcconfig */,
				3521A060629ED90EC6114BA5 /* Pods-TatayabaTests.debug.xcconfig */,
				22CC9CEE04574A387EDF22EE /* Pods-TatayabaTests.release.xcconfig */,
				B55E5C982ED14B5FEE4DCD1D /* Pods-TatayabaUITests.debug.xcconfig */,
				04B399FC35D3B3B996D93EC1 /* Pods-TatayabaUITests.release.xcconfig */,
			);
			path = Pods;
			sourceTree = "<group>";
		};
/* End PBXGroup section */

/* Begin PBXNativeTarget section */
		847CDE3C22C9EE2300E67C8C /* Tatayaba */ = {
			isa = PBXNativeTarget;
			buildConfigurationList = 847CDE6822C9EE2300E67C8C /* Build configuration list for PBXNativeTarget "Tatayaba" */;
			buildPhases = (
				94AD2DBA8CFE835456BF426D /* [CP] Check Pods Manifest.lock */,
				847CDE3922C9EE2300E67C8C /* Sources */,
				847CDE3A22C9EE2300E67C8C /* Frameworks */,
				847CDE3B22C9EE2300E67C8C /* Resources */,
				D08D80323791471B0F8F2ED8 /* [CP] Embed Pods Frameworks */,
			);
			buildRules = (
			);
			dependencies = (
			);
			name = Tatayaba;
			productName = Tatayaba;
			productReference = 847CDE3D22C9EE2300E67C8C /* Tatayaba.app */;
			productType = "com.apple.product-type.application";
		};
		847CDE5322C9EE2300E67C8C /* TatayabaTests */ = {
			isa = PBXNativeTarget;
			buildConfigurationList = 847CDE6B22C9EE2300E67C8C /* Build configuration list for PBXNativeTarget "TatayabaTests" */;
			buildPhases = (
				32FDB75D432D89B265AF8E4D /* [CP] Check Pods Manifest.lock */,
				847CDE5022C9EE2300E67C8C /* Sources */,
				847CDE5122C9EE2300E67C8C /* Frameworks */,
				847CDE5222C9EE2300E67C8C /* Resources */,
			);
			buildRules = (
			);
			dependencies = (
				847CDE5622C9EE2300E67C8C /* PBXTargetDependency */,
			);
			name = TatayabaTests;
			productName = TatayabaTests;
			productReference = 847CDE5422C9EE2300E67C8C /* TatayabaTests.xctest */;
			productType = "com.apple.product-type.bundle.unit-test";
		};
		847CDE5E22C9EE2300E67C8C /* TatayabaUITests */ = {
			isa = PBXNativeTarget;
			buildConfigurationList = 847CDE6E22C9EE2300E67C8C /* Build configuration list for PBXNativeTarget "TatayabaUITests" */;
			buildPhases = (
				5A6B81B25A75726DDD9DD962 /* [CP] Check Pods Manifest.lock */,
				847CDE5B22C9EE2300E67C8C /* Sources */,
				847CDE5C22C9EE2300E67C8C /* Frameworks */,
				847CDE5D22C9EE2300E67C8C /* Resources */,
			);
			buildRules = (
			);
			dependencies = (
				847CDE6122C9EE2300E67C8C /* PBXTargetDependency */,
			);
			name = TatayabaUITests;
			productName = TatayabaUITests;
			productReference = 847CDE5F22C9EE2300E67C8C /* TatayabaUITests.xctest */;
			productType = "com.apple.product-type.bundle.ui-testing";
		};
/* End PBXNativeTarget section */

/* Begin PBXProject section */
		847CDE3522C9EE2300E67C8C /* Project object */ = {
			isa = PBXProject;
			attributes = {
				LastSwiftUpdateCheck = 0920;
				LastUpgradeCheck = 0920;
				ORGANIZATIONNAME = Shaik;
				TargetAttributes = {
					847CDE3C22C9EE2300E67C8C = {
						CreatedOnToolsVersion = 9.2;
						ProvisioningStyle = Automatic;
					};
					847CDE5322C9EE2300E67C8C = {
						CreatedOnToolsVersion = 9.2;
						ProvisioningStyle = Automatic;
						TestTargetID = 847CDE3C22C9EE2300E67C8C;
					};
					847CDE5E22C9EE2300E67C8C = {
						CreatedOnToolsVersion = 9.2;
						ProvisioningStyle = Automatic;
						TestTargetID = 847CDE3C22C9EE2300E67C8C;
					};
				};
			};
			buildConfigurationList = 847CDE3822C9EE2300E67C8C /* Build configuration list for PBXProject "Tatayaba" */;
			compatibilityVersion = "Xcode 8.0";
			developmentRegion = en;
			hasScannedForEncodings = 0;
			knownRegions = (
				en,
				Base,
			);
			mainGroup = 847CDE3422C9EE2300E67C8C;
			productRefGroup = 847CDE3E22C9EE2300E67C8C /* Products */;
			projectDirPath = "";
			projectRoot = "";
			targets = (
				847CDE3C22C9EE2300E67C8C /* Tatayaba */,
				847CDE5322C9EE2300E67C8C /* TatayabaTests */,
				847CDE5E22C9EE2300E67C8C /* TatayabaUITests */,
			);
		};
/* End PBXProject section */

/* Begin PBXResourcesBuildPhase section */
		847CDE3B22C9EE2300E67C8C /* Resources */ = {
			isa = PBXResourcesBuildPhase;
			buildActionMask = 2147483647;
			files = (
				847CDE4E22C9EE2300E67C8C /* LaunchScreen.storyboard in Resources */,
				847CDE8922CA19EE00E67C8C /* ProximaNovaT-Thin.ttf in Resources */,
				847CDE4B22C9EE2300E67C8C /* Assets.xcassets in Resources */,
				847CDE8622CA19EE00E67C8C /* ProximaNova-Light.ttf in Resources */,
				847CDE8A22CA19EE00E67C8C /* ProximaNova-Bold.ttf in Resources */,
				847CDE8422CA19EE00E67C8C /* ProximaNova-Regular.ttf in Resources */,
				847CDE8722CA19EE00E67C8C /* ProximaNova-Semibold.ttf in Resources */,
				847CDE8522CA19EE00E67C8C /* ProximaNova-Extrabld.ttf in Resources */,
				847CDE4622C9EE2300E67C8C /* Main.storyboard in Resources */,
				11F52FB822CA7D92000F0D85 /* User.storyboard in Resources */,
				847CDE8822CA19EE00E67C8C /* ProximaNova-Black.ttf in Resources */,
			);
			runOnlyForDeploymentPostprocessing = 0;
		};
		847CDE5222C9EE2300E67C8C /* Resources */ = {
			isa = PBXResourcesBuildPhase;
			buildActionMask = 2147483647;
			files = (
			);
			runOnlyForDeploymentPostprocessing = 0;
		};
		847CDE5D22C9EE2300E67C8C /* Resources */ = {
			isa = PBXResourcesBuildPhase;
			buildActionMask = 2147483647;
			files = (
			);
			runOnlyForDeploymentPostprocessing = 0;
		};
/* End PBXResourcesBuildPhase section */

/* Begin PBXShellScriptBuildPhase section */
		32FDB75D432D89B265AF8E4D /* [CP] Check Pods Manifest.lock */ = {
			isa = PBXShellScriptBuildPhase;
			buildActionMask = 2147483647;
			files = (
			);
			inputPaths = (
				"${PODS_PODFILE_DIR_PATH}/Podfile.lock",
				"${PODS_ROOT}/Manifest.lock",
			);
			name = "[CP] Check Pods Manifest.lock";
			outputPaths = (
				"$(DERIVED_FILE_DIR)/Pods-TatayabaTests-checkManifestLockResult.txt",
			);
			runOnlyForDeploymentPostprocessing = 0;
			shellPath = /bin/sh;
			shellScript = "diff \"${PODS_PODFILE_DIR_PATH}/Podfile.lock\" \"${PODS_ROOT}/Manifest.lock\" > /dev/null\nif [ $? != 0 ] ; then\n    # print error to STDERR\n    echo \"error: The sandbox is not in sync with the Podfile.lock. Run 'pod install' or update your CocoaPods installation.\" >&2\n    exit 1\nfi\n# This output is used by Xcode 'outputs' to avoid re-running this script phase.\necho \"SUCCESS\" > \"${SCRIPT_OUTPUT_FILE_0}\"\n";
			showEnvVarsInLog = 0;
		};
		5A6B81B25A75726DDD9DD962 /* [CP] Check Pods Manifest.lock */ = {
			isa = PBXShellScriptBuildPhase;
			buildActionMask = 2147483647;
			files = (
			);
			inputPaths = (
				"${PODS_PODFILE_DIR_PATH}/Podfile.lock",
				"${PODS_ROOT}/Manifest.lock",
			);
			name = "[CP] Check Pods Manifest.lock";
			outputPaths = (
				"$(DERIVED_FILE_DIR)/Pods-TatayabaUITests-checkManifestLockResult.txt",
			);
			runOnlyForDeploymentPostprocessing = 0;
			shellPath = /bin/sh;
			shellScript = "diff \"${PODS_PODFILE_DIR_PATH}/Podfile.lock\" \"${PODS_ROOT}/Manifest.lock\" > /dev/null\nif [ $? != 0 ] ; then\n    # print error to STDERR\n    echo \"error: The sandbox is not in sync with the Podfile.lock. Run 'pod install' or update your CocoaPods installation.\" >&2\n    exit 1\nfi\n# This output is used by Xcode 'outputs' to avoid re-running this script phase.\necho \"SUCCESS\" > \"${SCRIPT_OUTPUT_FILE_0}\"\n";
			showEnvVarsInLog = 0;
		};
		94AD2DBA8CFE835456BF426D /* [CP] Check Pods Manifest.lock */ = {
			isa = PBXShellScriptBuildPhase;
			buildActionMask = 2147483647;
			files = (
			);
			inputPaths = (
				"${PODS_PODFILE_DIR_PATH}/Podfile.lock",
				"${PODS_ROOT}/Manifest.lock",
			);
			name = "[CP] Check Pods Manifest.lock";
			outputPaths = (
				"$(DERIVED_FILE_DIR)/Pods-Tatayaba-checkManifestLockResult.txt",
			);
			runOnlyForDeploymentPostprocessing = 0;
			shellPath = /bin/sh;
			shellScript = "diff \"${PODS_PODFILE_DIR_PATH}/Podfile.lock\" \"${PODS_ROOT}/Manifest.lock\" > /dev/null\nif [ $? != 0 ] ; then\n    # print error to STDERR\n    echo \"error: The sandbox is not in sync with the Podfile.lock. Run 'pod install' or update your CocoaPods installation.\" >&2\n    exit 1\nfi\n# This output is used by Xcode 'outputs' to avoid re-running this script phase.\necho \"SUCCESS\" > \"${SCRIPT_OUTPUT_FILE_0}\"\n";
			showEnvVarsInLog = 0;
		};
		D08D80323791471B0F8F2ED8 /* [CP] Embed Pods Frameworks */ = {
			isa = PBXShellScriptBuildPhase;
			buildActionMask = 2147483647;
			files = (
			);
			inputPaths = (
				"${PODS_ROOT}/Target Support Files/Pods-Tatayaba/Pods-Tatayaba-frameworks.sh",
				"${BUILT_PRODUCTS_DIR}/Alamofire/Alamofire.framework",
				"${BUILT_PRODUCTS_DIR}/Moya/Moya.framework",
				"${BUILT_PRODUCTS_DIR}/Result/Result.framework",
				"${BUILT_PRODUCTS_DIR}/SkyFloatingLabelTextField/SkyFloatingLabelTextField.framework",
				"${BUILT_PRODUCTS_DIR}/SwiftValidator/SwiftValidator.framework",
			);
			name = "[CP] Embed Pods Frameworks";
			outputPaths = (
				"${TARGET_BUILD_DIR}/${FRAMEWORKS_FOLDER_PATH}/Alamofire.framework",
				"${TARGET_BUILD_DIR}/${FRAMEWORKS_FOLDER_PATH}/Moya.framework",
				"${TARGET_BUILD_DIR}/${FRAMEWORKS_FOLDER_PATH}/Result.framework",
				"${TARGET_BUILD_DIR}/${FRAMEWORKS_FOLDER_PATH}/SkyFloatingLabelTextField.framework",
				"${TARGET_BUILD_DIR}/${FRAMEWORKS_FOLDER_PATH}/SwiftValidator.framework",
			);
			runOnlyForDeploymentPostprocessing = 0;
			shellPath = /bin/sh;
			shellScript = "\"${PODS_ROOT}/Target Support Files/Pods-Tatayaba/Pods-Tatayaba-frameworks.sh\"\n";
			showEnvVarsInLog = 0;
		};
/* End PBXShellScriptBuildPhase section */

/* Begin PBXSourcesBuildPhase section */
		847CDE3922C9EE2300E67C8C /* Sources */ = {
			isa = PBXSourcesBuildPhase;
			buildActionMask = 2147483647;
			files = (
				11F52FBA22CA7D92000F0D85 /* LoginViewController.swift in Sources */,
				847CDE4922C9EE2300E67C8C /* Tatayaba.xcdatamodeld in Sources */,
				847CDE7A22CA130F00E67C8C /* ColorDef.swift in Sources */,
				11F52FB922CA7D92000F0D85 /* SignUpViewcontroller.swift in Sources */,
				847CDE4122C9EE2300E67C8C /* AppDelegate.swift in Sources */,
				11F52FB722CA7D92000F0D85 /* SplashViewController.swift in Sources */,
			);
			runOnlyForDeploymentPostprocessing = 0;
		};
		847CDE5022C9EE2300E67C8C /* Sources */ = {
			isa = PBXSourcesBuildPhase;
			buildActionMask = 2147483647;
			files = (
				847CDE5922C9EE2300E67C8C /* TatayabaTests.swift in Sources */,
			);
			runOnlyForDeploymentPostprocessing = 0;
		};
		847CDE5B22C9EE2300E67C8C /* Sources */ = {
			isa = PBXSourcesBuildPhase;
			buildActionMask = 2147483647;
			files = (
				847CDE6422C9EE2300E67C8C /* TatayabaUITests.swift in Sources */,
			);
			runOnlyForDeploymentPostprocessing = 0;
		};
/* End PBXSourcesBuildPhase section */

/* Begin PBXTargetDependency section */
		847CDE5622C9EE2300E67C8C /* PBXTargetDependency */ = {
			isa = PBXTargetDependency;
			target = 847CDE3C22C9EE2300E67C8C /* Tatayaba */;
			targetProxy = 847CDE5522C9EE2300E67C8C /* PBXContainerItemProxy */;
		};
		847CDE6122C9EE2300E67C8C /* PBXTargetDependency */ = {
			isa = PBXTargetDependency;
			target = 847CDE3C22C9EE2300E67C8C /* Tatayaba */;
			targetProxy = 847CDE6022C9EE2300E67C8C /* PBXContainerItemProxy */;
		};
/* End PBXTargetDependency section */

/* Begin PBXVariantGroup section */
		847CDE4422C9EE2300E67C8C /* Main.storyboard */ = {
			isa = PBXVariantGroup;
			children = (
				847CDE4522C9EE2300E67C8C /* Base */,
			);
			name = Main.storyboard;
			sourceTree = "<group>";
		};
		847CDE4C22C9EE2300E67C8C /* LaunchScreen.storyboard */ = {
			isa = PBXVariantGroup;
			children = (
				847CDE4D22C9EE2300E67C8C /* Base */,
			);
			name = LaunchScreen.storyboard;
			sourceTree = "<group>";
		};
/* End PBXVariantGroup section */

/* Begin XCBuildConfiguration section */
		847CDE6622C9EE2300E67C8C /* Debug */ = {
			isa = XCBuildConfiguration;
			buildSettings = {
				ALWAYS_SEARCH_USER_PATHS = NO;
				CLANG_ANALYZER_NONNULL = YES;
				CLANG_ANALYZER_NUMBER_OBJECT_CONVERSION = YES_AGGRESSIVE;
				CLANG_CXX_LANGUAGE_STANDARD = "gnu++14";
				CLANG_CXX_LIBRARY = "libc++";
				CLANG_ENABLE_MODULES = YES;
				CLANG_ENABLE_OBJC_ARC = YES;
				CLANG_WARN_BLOCK_CAPTURE_AUTORELEASING = YES;
				CLANG_WARN_BOOL_CONVERSION = YES;
				CLANG_WARN_COMMA = YES;
				CLANG_WARN_CONSTANT_CONVERSION = YES;
				CLANG_WARN_DIRECT_OBJC_ISA_USAGE = YES_ERROR;
				CLANG_WARN_DOCUMENTATION_COMMENTS = YES;
				CLANG_WARN_EMPTY_BODY = YES;
				CLANG_WARN_ENUM_CONVERSION = YES;
				CLANG_WARN_INFINITE_RECURSION = YES;
				CLANG_WARN_INT_CONVERSION = YES;
				CLANG_WARN_NON_LITERAL_NULL_CONVERSION = YES;
				CLANG_WARN_OBJC_LITERAL_CONVERSION = YES;
				CLANG_WARN_OBJC_ROOT_CLASS = YES_ERROR;
				CLANG_WARN_RANGE_LOOP_ANALYSIS = YES;
				CLANG_WARN_STRICT_PROTOTYPES = YES;
				CLANG_WARN_SUSPICIOUS_MOVE = YES;
				CLANG_WARN_UNGUARDED_AVAILABILITY = YES_AGGRESSIVE;
				CLANG_WARN_UNREACHABLE_CODE = YES;
				CLANG_WARN__DUPLICATE_METHOD_MATCH = YES;
				CODE_SIGN_IDENTITY = "iPhone Developer";
				COPY_PHASE_STRIP = NO;
				DEBUG_INFORMATION_FORMAT = dwarf;
				ENABLE_STRICT_OBJC_MSGSEND = YES;
				ENABLE_TESTABILITY = YES;
				GCC_C_LANGUAGE_STANDARD = gnu11;
				GCC_DYNAMIC_NO_PIC = NO;
				GCC_NO_COMMON_BLOCKS = YES;
				GCC_OPTIMIZATION_LEVEL = 0;
				GCC_PREPROCESSOR_DEFINITIONS = (
					"DEBUG=1",
					"$(inherited)",
				);
				GCC_WARN_64_TO_32_BIT_CONVERSION = YES;
				GCC_WARN_ABOUT_RETURN_TYPE = YES_ERROR;
				GCC_WARN_UNDECLARED_SELECTOR = YES;
				GCC_WARN_UNINITIALIZED_AUTOS = YES_AGGRESSIVE;
				GCC_WARN_UNUSED_FUNCTION = YES;
				GCC_WARN_UNUSED_VARIABLE = YES;
				IPHONEOS_DEPLOYMENT_TARGET = 11.2;
				MTL_ENABLE_DEBUG_INFO = YES;
				ONLY_ACTIVE_ARCH = YES;
				SDKROOT = iphoneos;
				SWIFT_ACTIVE_COMPILATION_CONDITIONS = DEBUG;
				SWIFT_OPTIMIZATION_LEVEL = "-Onone";
			};
			name = Debug;
		};
		847CDE6722C9EE2300E67C8C /* Release */ = {
			isa = XCBuildConfiguration;
			buildSettings = {
				ALWAYS_SEARCH_USER_PATHS = NO;
				CLANG_ANALYZER_NONNULL = YES;
				CLANG_ANALYZER_NUMBER_OBJECT_CONVERSION = YES_AGGRESSIVE;
				CLANG_CXX_LANGUAGE_STANDARD = "gnu++14";
				CLANG_CXX_LIBRARY = "libc++";
				CLANG_ENABLE_MODULES = YES;
				CLANG_ENABLE_OBJC_ARC = YES;
				CLANG_WARN_BLOCK_CAPTURE_AUTORELEASING = YES;
				CLANG_WARN_BOOL_CONVERSION = YES;
				CLANG_WARN_COMMA = YES;
				CLANG_WARN_CONSTANT_CONVERSION = YES;
				CLANG_WARN_DIRECT_OBJC_ISA_USAGE = YES_ERROR;
				CLANG_WARN_DOCUMENTATION_COMMENTS = YES;
				CLANG_WARN_EMPTY_BODY = YES;
				CLANG_WARN_ENUM_CONVERSION = YES;
				CLANG_WARN_INFINITE_RECURSION = YES;
				CLANG_WARN_INT_CONVERSION = YES;
				CLANG_WARN_NON_LITERAL_NULL_CONVERSION = YES;
				CLANG_WARN_OBJC_LITERAL_CONVERSION = YES;
				CLANG_WARN_OBJC_ROOT_CLASS = YES_ERROR;
				CLANG_WARN_RANGE_LOOP_ANALYSIS = YES;
				CLANG_WARN_STRICT_PROTOTYPES = YES;
				CLANG_WARN_SUSPICIOUS_MOVE = YES;
				CLANG_WARN_UNGUARDED_AVAILABILITY = YES_AGGRESSIVE;
				CLANG_WARN_UNREACHABLE_CODE = YES;
				CLANG_WARN__DUPLICATE_METHOD_MATCH = YES;
				CODE_SIGN_IDENTITY = "iPhone Developer";
				COPY_PHASE_STRIP = NO;
				DEBUG_INFORMATION_FORMAT = "dwarf-with-dsym";
				ENABLE_NS_ASSERTIONS = NO;
				ENABLE_STRICT_OBJC_MSGSEND = YES;
				GCC_C_LANGUAGE_STANDARD = gnu11;
				GCC_NO_COMMON_BLOCKS = YES;
				GCC_WARN_64_TO_32_BIT_CONVERSION = YES;
				GCC_WARN_ABOUT_RETURN_TYPE = YES_ERROR;
				GCC_WARN_UNDECLARED_SELECTOR = YES;
				GCC_WARN_UNINITIALIZED_AUTOS = YES_AGGRESSIVE;
				GCC_WARN_UNUSED_FUNCTION = YES;
				GCC_WARN_UNUSED_VARIABLE = YES;
				IPHONEOS_DEPLOYMENT_TARGET = 11.2;
				MTL_ENABLE_DEBUG_INFO = NO;
				SDKROOT = iphoneos;
				SWIFT_OPTIMIZATION_LEVEL = "-Owholemodule";
				VALIDATE_PRODUCT = YES;
			};
			name = Release;
		};
		847CDE6922C9EE2300E67C8C /* Debug */ = {
			isa = XCBuildConfiguration;
			baseConfigurationReference = E0F8BF293BFC39D47FD4C2EB /* Pods-Tatayaba.debug.xcconfig */;
			buildSettings = {
				ASSETCATALOG_COMPILER_APPICON_NAME = AppIcon;
				CODE_SIGN_STYLE = Automatic;
				DEVELOPMENT_TEAM = BVM8GR9MVP;
				INFOPLIST_FILE = Tatayaba/Info.plist;
				IPHONEOS_DEPLOYMENT_TARGET = 10.0;
				LD_RUNPATH_SEARCH_PATHS = "$(inherited) @executable_path/Frameworks";
				PRODUCT_BUNDLE_IDENTIFIER = Tatayaba.Tatayaba;
				PRODUCT_NAME = "$(TARGET_NAME)";
				SWIFT_VERSION = 4.0;
				TARGETED_DEVICE_FAMILY = 1;
			};
			name = Debug;
		};
		847CDE6A22C9EE2300E67C8C /* Release */ = {
			isa = XCBuildConfiguration;
			baseConfigurationReference = 20779A04B1BCECF103C599EE /* Pods-Tatayaba.release.xcconfig */;
			buildSettings = {
				ASSETCATALOG_COMPILER_APPICON_NAME = AppIcon;
				CODE_SIGN_STYLE = Automatic;
				DEVELOPMENT_TEAM = BVM8GR9MVP;
				INFOPLIST_FILE = Tatayaba/Info.plist;
				IPHONEOS_DEPLOYMENT_TARGET = 10.0;
				LD_RUNPATH_SEARCH_PATHS = "$(inherited) @executable_path/Frameworks";
				PRODUCT_BUNDLE_IDENTIFIER = Tatayaba.Tatayaba;
				PRODUCT_NAME = "$(TARGET_NAME)";
				SWIFT_VERSION = 4.0;
				TARGETED_DEVICE_FAMILY = 1;
			};
			name = Release;
		};
		847CDE6C22C9EE2300E67C8C /* Debug */ = {
			isa = XCBuildConfiguration;
			baseConfigurationReference = 3521A060629ED90EC6114BA5 /* Pods-TatayabaTests.debug.xcconfig */;
			buildSettings = {
				ALWAYS_EMBED_SWIFT_STANDARD_LIBRARIES = YES;
				BUNDLE_LOADER = "$(TEST_HOST)";
				CODE_SIGN_STYLE = Automatic;
				DEVELOPMENT_TEAM = BVM8GR9MVP;
				INFOPLIST_FILE = TatayabaTests/Info.plist;
				LD_RUNPATH_SEARCH_PATHS = "$(inherited) @executable_path/Frameworks @loader_path/Frameworks";
				PRODUCT_BUNDLE_IDENTIFIER = Tatayaba.TatayabaTests;
				PRODUCT_NAME = "$(TARGET_NAME)";
				SWIFT_VERSION = 4.0;
				TARGETED_DEVICE_FAMILY = "1,2";
				TEST_HOST = "$(BUILT_PRODUCTS_DIR)/Tatayaba.app/Tatayaba";
			};
			name = Debug;
		};
		847CDE6D22C9EE2300E67C8C /* Release */ = {
			isa = XCBuildConfiguration;
			baseConfigurationReference = 22CC9CEE04574A387EDF22EE /* Pods-TatayabaTests.release.xcconfig */;
			buildSettings = {
				ALWAYS_EMBED_SWIFT_STANDARD_LIBRARIES = YES;
				BUNDLE_LOADER = "$(TEST_HOST)";
				CODE_SIGN_STYLE = Automatic;
				DEVELOPMENT_TEAM = BVM8GR9MVP;
				INFOPLIST_FILE = TatayabaTests/Info.plist;
				LD_RUNPATH_SEARCH_PATHS = "$(inherited) @executable_path/Frameworks @loader_path/Frameworks";
				PRODUCT_BUNDLE_IDENTIFIER = Tatayaba.TatayabaTests;
				PRODUCT_NAME = "$(TARGET_NAME)";
				SWIFT_VERSION = 4.0;
				TARGETED_DEVICE_FAMILY = "1,2";
				TEST_HOST = "$(BUILT_PRODUCTS_DIR)/Tatayaba.app/Tatayaba";
			};
			name = Release;
		};
		847CDE6F22C9EE2300E67C8C /* Debug */ = {
			isa = XCBuildConfiguration;
			baseConfigurationReference = B55E5C982ED14B5FEE4DCD1D /* Pods-TatayabaUITests.debug.xcconfig */;
			buildSettings = {
				ALWAYS_EMBED_SWIFT_STANDARD_LIBRARIES = YES;
				CODE_SIGN_STYLE = Automatic;
				DEVELOPMENT_TEAM = BVM8GR9MVP;
				INFOPLIST_FILE = TatayabaUITests/Info.plist;
				LD_RUNPATH_SEARCH_PATHS = "$(inherited) @executable_path/Frameworks @loader_path/Frameworks";
				PRODUCT_BUNDLE_IDENTIFIER = Tatayaba.TatayabaUITests;
				PRODUCT_NAME = "$(TARGET_NAME)";
				SWIFT_VERSION = 4.0;
				TARGETED_DEVICE_FAMILY = "1,2";
				TEST_TARGET_NAME = Tatayaba;
			};
			name = Debug;
		};
		847CDE7022C9EE2300E67C8C /* Release */ = {
			isa = XCBuildConfiguration;
			baseConfigurationReference = 04B399FC35D3B3B996D93EC1 /* Pods-TatayabaUITests.release.xcconfig */;
			buildSettings = {
				ALWAYS_EMBED_SWIFT_STANDARD_LIBRARIES = YES;
				CODE_SIGN_STYLE = Automatic;
				DEVELOPMENT_TEAM = BVM8GR9MVP;
				INFOPLIST_FILE = TatayabaUITests/Info.plist;
				LD_RUNPATH_SEARCH_PATHS = "$(inherited) @executable_path/Frameworks @loader_path/Frameworks";
				PRODUCT_BUNDLE_IDENTIFIER = Tatayaba.TatayabaUITests;
				PRODUCT_NAME = "$(TARGET_NAME)";
				SWIFT_VERSION = 4.0;
				TARGETED_DEVICE_FAMILY = "1,2";
				TEST_TARGET_NAME = Tatayaba;
			};
			name = Release;
		};
/* End XCBuildConfiguration section */

/* Begin XCConfigurationList section */
		847CDE3822C9EE2300E67C8C /* Build configuration list for PBXProject "Tatayaba" */ = {
			isa = XCConfigurationList;
			buildConfigurations = (
				847CDE6622C9EE2300E67C8C /* Debug */,
				847CDE6722C9EE2300E67C8C /* Release */,
			);
			defaultConfigurationIsVisible = 0;
			defaultConfigurationName = Release;
		};
		847CDE6822C9EE2300E67C8C /* Build configuration list for PBXNativeTarget "Tatayaba" */ = {
			isa = XCConfigurationList;
			buildConfigurations = (
				847CDE6922C9EE2300E67C8C /* Debug */,
				847CDE6A22C9EE2300E67C8C /* Release */,
			);
			defaultConfigurationIsVisible = 0;
			defaultConfigurationName = Release;
		};
		847CDE6B22C9EE2300E67C8C /* Build configuration list for PBXNativeTarget "TatayabaTests" */ = {
			isa = XCConfigurationList;
			buildConfigurations = (
				847CDE6C22C9EE2300E67C8C /* Debug */,
				847CDE6D22C9EE2300E67C8C /* Release */,
			);
			defaultConfigurationIsVisible = 0;
			defaultConfigurationName = Release;
		};
		847CDE6E22C9EE2300E67C8C /* Build configuration list for PBXNativeTarget "TatayabaUITests" */ = {
			isa = XCConfigurationList;
			buildConfigurations = (
				847CDE6F22C9EE2300E67C8C /* Debug */,
				847CDE7022C9EE2300E67C8C /* Release */,
			);
			defaultConfigurationIsVisible = 0;
			defaultConfigurationName = Release;
		};
/* End XCConfigurationList section */

/* Begin XCVersionGroup section */
		847CDE4722C9EE2300E67C8C /* Tatayaba.xcdatamodeld */ = {
			isa = XCVersionGroup;
			children = (
				847CDE4822C9EE2300E67C8C /* Tatayaba.xcdatamodel */,
			);
			currentVersion = 847CDE4822C9EE2300E67C8C /* Tatayaba.xcdatamodel */;
			path = Tatayaba.xcdatamodeld;
			sourceTree = "<group>";
			versionGroupType = wrapper.xcdatamodel;
		};
/* End XCVersionGroup section */
	};
	rootObject = 847CDE3522C9EE2300E67C8C /* Project object */;
}
